
Microsoft Visual Studio Solution File, Format Version 11.00
# Visual Studio 15
Project("{8BC9CEB8-8B4A-11D0-8D11-00A0C91BC942}") = "3d", "3d.vcxproj", "{88659526-4260-48F6-A53D-0F90BB46B036}"
EndProject
Project("{8BC9CEB8-8B4A-11D0-8D11-00A0C91BC942}") = "asyncio", "asyncio.vcxproj", "{FF914D35-4DA2-4BBD-9D73-7EAA82A0BF93}"
EndProject
Project("{8BC9CEB8-8B4A-11D0-8D11-00A0C91BC942}") = "channel_groups", "channel_groups.vcxproj", "{C3455F0B-7527-4038-B945-AE2E2F2B2166}"
EndProject
Project("{8BC9CEB8-8B4A-11D0-8D11-00A0C91BC942}") = "convolution_reverb", "convolution_reverb.vcxproj", "{03EF79DC-5B45-46AA-AFAE-4CF71D41B080}"
EndProject
Project("{8BC9CEB8-8B4A-11D0-8D11-00A0C91BC942}") = "dsp_custom", "dsp_custom.vcxproj", "{2D1FD168-D26D-49EE-8CB3-4CA664AA1F04}"
EndProject
Project("{8BC9CEB8-8B4A-11D0-8D11-00A0C91BC942}") = "dsp_effect_per_speaker", "dsp_effect_per_speaker.vcxproj", "{EAC9F61B-F9DD-4A58-AD24-91F400D31CB2}"
EndProject
Project("{8BC9CEB8-8B4A-11D0-8D11-00A0C91BC942}") = "dsp_inspector", "dsp_inspector.vcxproj", "{C39818DE-5858-4573-B4C7-78BA589F909C}"
EndProject
Project("{8BC9CEB8-8B4A-11D0-8D11-00A0C91BC942}") = "effects", "effects.vcxproj", "{7F244977-2EFA-47CF-A59C-A4105EF80A45}"
EndProject
Project("{8BC9CEB8-8B4A-11D0-8D11-00A0C91BC942}") = "gapless_playback", "gapless_playback.vcxproj", "{70EB993B-D0C0-47B0-9263-917406CAFDAB}"
EndProject
Project("{8BC9CEB8-8B4A-11D0-8D11-00A0C91BC942}") = "generate_tone", "generate_tone.vcxproj", "{77D2B532-AFAF-415C-9257-6097BB13208F}"
EndProject
Project("{8BC9CEB8-8B4A-11D0-8D11-00A0C91BC942}") = "granular_synth", "granular_synth.vcxproj", "{38BCADC0-0BDB-4BC8-9A60-3F0D3A1343AA}"
EndProject
Project("{8BC9CEB8-8B4A-11D0-8D11-00A0C91BC942}") = "load_from_memory", "load_from_memory.vcxproj", "{519F8640-A844-4189-8729-7156CEC02984}"
EndProject
Project("{8BC9CEB8-8B4A-11D0-8D11-00A0C91BC942}") = "multiple_speaker", "multiple_speaker.vcxproj", "{F7265AD4-131E-4B9E-B949-4C13AB89979B}"
EndProject
Project("{8BC9CEB8-8B4A-11D0-8D11-00A0C91BC942}") = "multiple_system", "multiple_system.vcxproj", "{52AD99F1-851A-434F-93EB-B462EDF193DB}"
EndProject
Project("{8BC9CEB8-8B4A-11D0-8D11-00A0C91BC942}") = "net_stream", "net_stream.vcxproj", "{B15F4B62-7C48-4313-886F-A1C7D73F19B5}"
EndProject
Project("{8BC9CEB8-8B4A-11D0-8D11-00A0C91BC942}") = "play_sound", "play_sound.vcxproj", "{A0F0C8DF-DF69-438A-AA67-9BA1233E5299}"
EndProject
Project("{8BC9CEB8-8B4A-11D0-8D11-00A0C91BC942}") = "play_stream", "play_stream.vcxproj", "{B61AA1BB-E228-438B-9675-4C0FCB28AC90}"
EndProject
Project("{8BC9CEB8-8B4A-11D0-8D11-00A0C91BC942}") = "record", "record.vcxproj", "{151BF30F-A3A6-4BEE-A2BC-3929147DAC93}"
EndProject
Project("{8BC9CEB8-8B4A-11D0-8D11-00A0C91BC942}") = "record_enumeration", "record_enumeration.vcxproj", "{15BE5F79-4CB9-4059-8A8C-05AD37F8897C}"
EndProject
Project("{8BC9CEB8-8B4A-11D0-8D11-00A0C91BC942}") = "user_created_sound", "user_created_sound.vcxproj", "{C81028E6-37B2-4BEF-BF0E-6E59000C8598}"
EndProject
Project("{8BC9CEB8-8B4A-11D0-8D11-00A0C91BC942}") = "fmod_codec_raw", "fmod_codec_raw.vcxproj", "{2A12EB4A-AC02-4ABF-A147-D4CAFB18F716}"
EndProject
Project("{8BC9CEB8-8B4A-11D0-8D11-00A0C91BC942}") = "fmod_distance_filter", "fmod_distance_filter.vcxproj", "{D90E52F9-BC11-435E-B378-B07F2ACF65DB}"
EndProject
Project("{8BC9CEB8-8B4A-11D0-8D11-00A0C91BC942}") = "fmod_gain", "fmod_gain.vcxproj", "{59084786-4E88-41A4-97D5-0B769FEA5A4A}"
EndProject
Project("{8BC9CEB8-8B4A-11D0-8D11-00A0C91BC942}") = "fmod_noise", "fmod_noise.vcxproj", "{FA47555B-02F2-40E6-BA92-E69DEC2508D5}"
EndProject
Project("{8BC9CEB8-8B4A-11D0-8D11-00A0C91BC942}") = "output_mp3", "output_mp3.vcxproj", "{4A4DBC17-4A17-4793-807B-883ADD113CA9}"
EndProject
Global
	GlobalSection(SolutionConfigurationPlatforms) = preSolution
		Debug|Win32 = Debug|Win32
		Debug|x64 = Debug|x64
		Debug|ARM64 = Debug|ARM64
		Release|Win32 = Release|Win32
		Release|x64 = Release|x64
		Release|ARM64 = Release|ARM64
	EndGlobalSection
	GlobalSection(ProjectConfigurationPlatforms) = postSolution
		{88659526-4260-48F6-A53D-0F90BB46B036}.Debug|Win32.ActiveCfg = Debug|Win32
		{88659526-4260-48F6-A53D-0F90BB46B036}.Debug|Win32.Build.0 = Debug|Win32
		{88659526-4260-48F6-A53D-0F90BB46B036}.Debug|Win32.Deploy.0 = Debug|Win32
		{88659526-4260-48F6-A53D-0F90BB46B036}.Debug|x64.ActiveCfg = Debug|x64
		{88659526-4260-48F6-A53D-0F90BB46B036}.Debug|x64.Build.0 = Debug|x64
		{88659526-4260-48F6-A53D-0F90BB46B036}.Debug|x64.Deploy.0 = Debug|x64
		{88659526-4260-48F6-A53D-0F90BB46B036}.Debug|ARM64.ActiveCfg = Debug|ARM64
		{88659526-4260-48F6-A53D-0F90BB46B036}.Debug|ARM64.Build.0 = Debug|ARM64
		{88659526-4260-48F6-A53D-0F90BB46B036}.Debug|ARM64.Deploy.0 = Debug|ARM64
		{88659526-4260-48F6-A53D-0F90BB46B036}.Release|Win32.ActiveCfg = Release|Win32
		{88659526-4260-48F6-A53D-0F90BB46B036}.Release|Win32.Build.0 = Release|Win32
		{88659526-4260-48F6-A53D-0F90BB46B036}.Release|Win32.Deploy.0 = Release|Win32
		{88659526-4260-48F6-A53D-0F90BB46B036}.Release|x64.ActiveCfg = Release|x64
		{88659526-4260-48F6-A53D-0F90BB46B036}.Release|x64.Build.0 = Release|x64
		{88659526-4260-48F6-A53D-0F90BB46B036}.Release|x64.Deploy.0 = Release|x64
		{88659526-4260-48F6-A53D-0F90BB46B036}.Release|ARM64.ActiveCfg = Release|ARM64
		{88659526-4260-48F6-A53D-0F90BB46B036}.Release|ARM64.Build.0 = Release|ARM64
		{88659526-4260-48F6-A53D-0F90BB46B036}.Release|ARM64.Deploy.0 = Release|ARM64
		{FF914D35-4DA2-4BBD-9D73-7EAA82A0BF93}.Debug|Win32.ActiveCfg = Debug|Win32
		{FF914D35-4DA2-4BBD-9D73-7EAA82A0BF93}.Debug|Win32.Build.0 = Debug|Win32
		{FF914D35-4DA2-4BBD-9D73-7EAA82A0BF93}.Debug|Win32.Deploy.0 = Debug|Win32
		{FF914D35-4DA2-4BBD-9D73-7EAA82A0BF93}.Debug|x64.ActiveCfg = Debug|x64
		{FF914D35-4DA2-4BBD-9D73-7EAA82A0BF93}.Debug|x64.Build.0 = Debug|x64
		{FF914D35-4DA2-4BBD-9D73-7EAA82A0BF93}.Debug|x64.Deploy.0 = Debug|x64
		{FF914D35-4DA2-4BBD-9D73-7EAA82A0BF93}.Debug|ARM64.ActiveCfg = Debug|ARM64
		{FF914D35-4DA2-4BBD-9D73-7EAA82A0BF93}.Debug|ARM64.Build.0 = Debug|ARM64
		{FF914D35-4DA2-4BBD-9D73-7EAA82A0BF93}.Debug|ARM64.Deploy.0 = Debug|ARM64
		{FF914D35-4DA2-4BBD-9D73-7EAA82A0BF93}.Release|Win32.ActiveCfg = Release|Win32
		{FF914D35-4DA2-4BBD-9D73-7EAA82A0BF93}.Release|Win32.Build.0 = Release|Win32
		{FF914D35-4DA2-4BBD-9D73-7EAA82A0BF93}.Release|Win32.Deploy.0 = Release|Win32
		{FF914D35-4DA2-4BBD-9D73-7EAA82A0BF93}.Release|x64.ActiveCfg = Release|x64
		{FF914D35-4DA2-4BBD-9D73-7EAA82A0BF93}.Release|x64.Build.0 = Release|x64
		{FF914D35-4DA2-4BBD-9D73-7EAA82A0BF93}.Release|x64.Deploy.0 = Release|x64
		{FF914D35-4DA2-4BBD-9D73-7EAA82A0BF93}.Release|ARM64.ActiveCfg = Release|ARM64
		{FF914D35-4DA2-4BBD-9D73-7EAA82A0BF93}.Release|ARM64.Build.0 = Release|ARM64
		{FF914D35-4DA2-4BBD-9D73-7EAA82A0BF93}.Release|ARM64.Deploy.0 = Release|ARM64
		{C3455F0B-7527-4038-B945-AE2E2F2B2166}.Debug|Win32.ActiveCfg = Debug|Win32
		{C3455F0B-7527-4038-B945-AE2E2F2B2166}.Debug|Win32.Build.0 = Debug|Win32
		{C3455F0B-7527-4038-B945-AE2E2F2B2166}.Debug|Win32.Deploy.0 = Debug|Win32
		{C3455F0B-7527-4038-B945-AE2E2F2B2166}.Debug|x64.ActiveCfg = Debug|x64
		{C3455F0B-7527-4038-B945-AE2E2F2B2166}.Debug|x64.Build.0 = Debug|x64
		{C3455F0B-7527-4038-B945-AE2E2F2B2166}.Debug|x64.Deploy.0 = Debug|x64
		{C3455F0B-7527-4038-B945-AE2E2F2B2166}.Debug|ARM64.ActiveCfg = Debug|ARM64
		{C3455F0B-7527-4038-B945-AE2E2F2B2166}.Debug|ARM64.Build.0 = Debug|ARM64
		{C3455F0B-7527-4038-B945-AE2E2F2B2166}.Debug|ARM64.Deploy.0 = Debug|ARM64
		{C3455F0B-7527-4038-B945-AE2E2F2B2166}.Release|Win32.ActiveCfg = Release|Win32
		{C3455F0B-7527-4038-B945-AE2E2F2B2166}.Release|Win32.Build.0 = Release|Win32
		{C3455F0B-7527-4038-B945-AE2E2F2B2166}.Release|Win32.Deploy.0 = Release|Win32
		{C3455F0B-7527-4038-B945-AE2E2F2B2166}.Release|x64.ActiveCfg = Release|x64
		{C3455F0B-7527-4038-B945-AE2E2F2B2166}.Release|x64.Build.0 = Release|x64
		{C3455F0B-7527-4038-B945-AE2E2F2B2166}.Release|x64.Deploy.0 = Release|x64
		{C3455F0B-7527-4038-B945-AE2E2F2B2166}.Release|ARM64.ActiveCfg = Release|ARM64
		{C3455F0B-7527-4038-B945-AE2E2F2B2166}.Release|ARM64.Build.0 = Release|ARM64
		{C3455F0B-7527-4038-B945-AE2E2F2B2166}.Release|ARM64.Deploy.0 = Release|ARM64
		{03EF79DC-5B45-46AA-AFAE-4CF71D41B080}.Debug|Win32.ActiveCfg = Debug|Win32
		{03EF79DC-5B45-46AA-AFAE-4CF71D41B080}.Debug|Win32.Build.0 = Debug|Win32
		{03EF79DC-5B45-46AA-AFAE-4CF71D41B080}.Debug|Win32.Deploy.0 = Debug|Win32
		{03EF79DC-5B45-46AA-AFAE-4CF71D41B080}.Debug|x64.ActiveCfg = Debug|x64
		{03EF79DC-5B45-46AA-AFAE-4CF71D41B080}.Debug|x64.Build.0 = Debug|x64
		{03EF79DC-5B45-46AA-AFAE-4CF71D41B080}.Debug|x64.Deploy.0 = Debug|x64
		{03EF79DC-5B45-46AA-AFAE-4CF71D41B080}.Debug|ARM64.ActiveCfg = Debug|ARM64
		{03EF79DC-5B45-46AA-AFAE-4CF71D41B080}.Debug|ARM64.Build.0 = Debug|ARM64
		{03EF79DC-5B45-46AA-AFAE-4CF71D41B080}.Debug|ARM64.Deploy.0 = Debug|ARM64
		{03EF79DC-5B45-46AA-AFAE-4CF71D41B080}.Release|Win32.ActiveCfg = Release|Win32
		{03EF79DC-5B45-46AA-AFAE-4CF71D41B080}.Release|Win32.Build.0 = Release|Win32
		{03EF79DC-5B45-46AA-AFAE-4CF71D41B080}.Release|Win32.Deploy.0 = Release|Win32
		{03EF79DC-5B45-46AA-AFAE-4CF71D41B080}.Release|x64.ActiveCfg = Release|x64
		{03EF79DC-5B45-46AA-AFAE-4CF71D41B080}.Release|x64.Build.0 = Release|x64
		{03EF79DC-5B45-46AA-AFAE-4CF71D41B080}.Release|x64.Deploy.0 = Release|x64
		{03EF79DC-5B45-46AA-AFAE-4CF71D41B080}.Release|ARM64.ActiveCfg = Release|ARM64
		{03EF79DC-5B45-46AA-AFAE-4CF71D41B080}.Release|ARM64.Build.0 = Release|ARM64
		{03EF79DC-5B45-46AA-AFAE-4CF71D41B080}.Release|ARM64.Deploy.0 = Release|ARM64
		{2D1FD168-D26D-49EE-8CB3-4CA664AA1F04}.Debug|Win32.ActiveCfg = Debug|Win32
		{2D1FD168-D26D-49EE-8CB3-4CA664AA1F04}.Debug|Win32.Build.0 = Debug|Win32
		{2D1FD168-D26D-49EE-8CB3-4CA664AA1F04}.Debug|Win32.Deploy.0 = Debug|Win32
		{2D1FD168-D26D-49EE-8CB3-4CA664AA1F04}.Debug|x64.ActiveCfg = Debug|x64
		{2D1FD168-D26D-49EE-8CB3-4CA664AA1F04}.Debug|x64.Build.0 = Debug|x64
		{2D1FD168-D26D-49EE-8CB3-4CA664AA1F04}.Debug|x64.Deploy.0 = Debug|x64
		{2D1FD168-D26D-49EE-8CB3-4CA664AA1F04}.Debug|ARM64.ActiveCfg = Debug|ARM64
		{2D1FD168-D26D-49EE-8CB3-4CA664AA1F04}.Debug|ARM64.Build.0 = Debug|ARM64
		{2D1FD168-D26D-49EE-8CB3-4CA664AA1F04}.Debug|ARM64.Deploy.0 = Debug|ARM64
		{2D1FD168-D26D-49EE-8CB3-4CA664AA1F04}.Release|Win32.ActiveCfg = Release|Win32
		{2D1FD168-D26D-49EE-8CB3-4CA664AA1F04}.Release|Win32.Build.0 = Release|Win32
		{2D1FD168-D26D-49EE-8CB3-4CA664AA1F04}.Release|Win32.Deploy.0 = Release|Win32
		{2D1FD168-D26D-49EE-8CB3-4CA664AA1F04}.Release|x64.ActiveCfg = Release|x64
		{2D1FD168-D26D-49EE-8CB3-4CA664AA1F04}.Release|x64.Build.0 = Release|x64
		{2D1FD168-D26D-49EE-8CB3-4CA664AA1F04}.Release|x64.Deploy.0 = Release|x64
		{2D1FD168-D26D-49EE-8CB3-4CA664AA1F04}.Release|ARM64.ActiveCfg = Release|ARM64
		{2D1FD168-D26D-49EE-8CB3-4CA664AA1F04}.Release|ARM64.Build.0 = Release|ARM64
		{2D1FD168-D26D-49EE-8CB3-4CA664AA1F04}.Release|ARM64.Deploy.0 = Release|ARM64
		{EAC9F61B-F9DD-4A58-AD24-91F400D31CB2}.Debug|Win32.ActiveCfg = Debug|Win32
		{EAC9F61B-F9DD-4A58-AD24-91F400D31CB2}.Debug|Win32.Build.0 = Debug|Win32
		{EAC9F61B-F9DD-4A58-AD24-91F400D31CB2}.Debug|Win32.Deploy.0 = Debug|Win32
		{EAC9F61B-F9DD-4A58-AD24-91F400D31CB2}.Debug|x64.ActiveCfg = Debug|x64
		{EAC9F61B-F9DD-4A58-AD24-91F400D31CB2}.Debug|x64.Build.0 = Debug|x64
		{EAC9F61B-F9DD-4A58-AD24-91F400D31CB2}.Debug|x64.Deploy.0 = Debug|x64
		{EAC9F61B-F9DD-4A58-AD24-91F400D31CB2}.Debug|ARM64.ActiveCfg = Debug|ARM64
		{EAC9F61B-F9DD-4A58-AD24-91F400D31CB2}.Debug|ARM64.Build.0 = Debug|ARM64
		{EAC9F61B-F9DD-4A58-AD24-91F400D31CB2}.Debug|ARM64.Deploy.0 = Debug|ARM64
		{EAC9F61B-F9DD-4A58-AD24-91F400D31CB2}.Release|Win32.ActiveCfg = Release|Win32
		{EAC9F61B-F9DD-4A58-AD24-91F400D31CB2}.Release|Win32.Build.0 = Release|Win32
		{EAC9F61B-F9DD-4A58-AD24-91F400D31CB2}.Release|Win32.Deploy.0 = Release|Win32
		{EAC9F61B-F9DD-4A58-AD24-91F400D31CB2}.Release|x64.ActiveCfg = Release|x64
		{EAC9F61B-F9DD-4A58-AD24-91F400D31CB2}.Release|x64.Build.0 = Release|x64
		{EAC9F61B-F9DD-4A58-AD24-91F400D31CB2}.Release|x64.Deploy.0 = Release|x64
		{EAC9F61B-F9DD-4A58-AD24-91F400D31CB2}.Release|ARM64.ActiveCfg = Release|ARM64
		{EAC9F61B-F9DD-4A58-AD24-91F400D31CB2}.Release|ARM64.Build.0 = Release|ARM64
		{EAC9F61B-F9DD-4A58-AD24-91F400D31CB2}.Release|ARM64.Deploy.0 = Release|ARM64
		{C39818DE-5858-4573-B4C7-78BA589F909C}.Debug|Win32.ActiveCfg = Debug|Win32
		{C39818DE-5858-4573-B4C7-78BA589F909C}.Debug|Win32.Build.0 = Debug|Win32
		{C39818DE-5858-4573-B4C7-78BA589F909C}.Debug|Win32.Deploy.0 = Debug|Win32
		{C39818DE-5858-4573-B4C7-78BA589F909C}.Debug|x64.ActiveCfg = Debug|x64
		{C39818DE-5858-4573-B4C7-78BA589F909C}.Debug|x64.Build.0 = Debug|x64
		{C39818DE-5858-4573-B4C7-78BA589F909C}.Debug|x64.Deploy.0 = Debug|x64
		{C39818DE-5858-4573-B4C7-78BA589F909C}.Debug|ARM64.ActiveCfg = Debug|ARM64
		{C39818DE-5858-4573-B4C7-78BA589F909C}.Debug|ARM64.Build.0 = Debug|ARM64
		{C39818DE-5858-4573-B4C7-78BA589F909C}.Debug|ARM64.Deploy.0 = Debug|ARM64
		{C39818DE-5858-4573-B4C7-78BA589F909C}.Release|Win32.ActiveCfg = Release|Win32
		{C39818DE-5858-4573-B4C7-78BA589F909C}.Release|Win32.Build.0 = Release|Win32
		{C39818DE-5858-4573-B4C7-78BA589F909C}.Release|Win32.Deploy.0 = Release|Win32
		{C39818DE-5858-4573-B4C7-78BA589F909C}.Release|x64.ActiveCfg = Release|x64
		{C39818DE-5858-4573-B4C7-78BA589F909C}.Release|x64.Build.0 = Release|x64
		{C39818DE-5858-4573-B4C7-78BA589F909C}.Release|x64.Deploy.0 = Release|x64
		{C39818DE-5858-4573-B4C7-78BA589F909C}.Release|ARM64.ActiveCfg = Release|ARM64
		{C39818DE-5858-4573-B4C7-78BA589F909C}.Release|ARM64.Build.0 = Release|ARM64
		{C39818DE-5858-4573-B4C7-78BA589F909C}.Release|ARM64.Deploy.0 = Release|ARM64
		{7F244977-2EFA-47CF-A59C-A4105EF80A45}.Debug|Win32.ActiveCfg = Debug|Win32
		{7F244977-2EFA-47CF-A59C-A4105EF80A45}.Debug|Win32.Build.0 = Debug|Win32
		{7F244977-2EFA-47CF-A59C-A4105EF80A45}.Debug|Win32.Deploy.0 = Debug|Win32
		{7F244977-2EFA-47CF-A59C-A4105EF80A45}.Debug|x64.ActiveCfg = Debug|x64
		{7F244977-2EFA-47CF-A59C-A4105EF80A45}.Debug|x64.Build.0 = Debug|x64
		{7F244977-2EFA-47CF-A59C-A4105EF80A45}.Debug|x64.Deploy.0 = Debug|x64
		{7F244977-2EFA-47CF-A59C-A4105EF80A45}.Debug|ARM64.ActiveCfg = Debug|ARM64
		{7F244977-2EFA-47CF-A59C-A4105EF80A45}.Debug|ARM64.Build.0 = Debug|ARM64
		{7F244977-2EFA-47CF-A59C-A4105EF80A45}.Debug|ARM64.Deploy.0 = Debug|ARM64
		{7F244977-2EFA-47CF-A59C-A4105EF80A45}.Release|Win32.ActiveCfg = Release|Win32
		{7F244977-2EFA-47CF-A59C-A4105EF80A45}.Release|Win32.Build.0 = Release|Win32
		{7F244977-2EFA-47CF-A59C-A4105EF80A45}.Release|Win32.Deploy.0 = Release|Win32
		{7F244977-2EFA-47CF-A59C-A4105EF80A45}.Release|x64.ActiveCfg = Release|x64
		{7F244977-2EFA-47CF-A59C-A4105EF80A45}.Release|x64.Build.0 = Release|x64
		{7F244977-2EFA-47CF-A59C-A4105EF80A45}.Release|x64.Deploy.0 = Release|x64
		{7F244977-2EFA-47CF-A59C-A4105EF80A45}.Release|ARM64.ActiveCfg = Release|ARM64
		{7F244977-2EFA-47CF-A59C-A4105EF80A45}.Release|ARM64.Build.0 = Release|ARM64
		{7F244977-2EFA-47CF-A59C-A4105EF80A45}.Release|ARM64.Deploy.0 = Release|ARM64
		{70EB993B-D0C0-47B0-9263-917406CAFDAB}.Debug|Win32.ActiveCfg = Debug|Win32
		{70EB993B-D0C0-47B0-9263-917406CAFDAB}.Debug|Win32.Build.0 = Debug|Win32
		{70EB993B-D0C0-47B0-9263-917406CAFDAB}.Debug|Win32.Deploy.0 = Debug|Win32
		{70EB993B-D0C0-47B0-9263-917406CAFDAB}.Debug|x64.ActiveCfg = Debug|x64
		{70EB993B-D0C0-47B0-9263-917406CAFDAB}.Debug|x64.Build.0 = Debug|x64
		{70EB993B-D0C0-47B0-9263-917406CAFDAB}.Debug|x64.Deploy.0 = Debug|x64
		{70EB993B-D0C0-47B0-9263-917406CAFDAB}.Debug|ARM64.ActiveCfg = Debug|ARM64
		{70EB993B-D0C0-47B0-9263-917406CAFDAB}.Debug|ARM64.Build.0 = Debug|ARM64
		{70EB993B-D0C0-47B0-9263-917406CAFDAB}.Debug|ARM64.Deploy.0 = Debug|ARM64
		{70EB993B-D0C0-47B0-9263-917406CAFDAB}.Release|Win32.ActiveCfg = Release|Win32
		{70EB993B-D0C0-47B0-9263-917406CAFDAB}.Release|Win32.Build.0 = Release|Win32
		{70EB993B-D0C0-47B0-9263-917406CAFDAB}.Release|Win32.Deploy.0 = Release|Win32
		{70EB993B-D0C0-47B0-9263-917406CAFDAB}.Release|x64.ActiveCfg = Release|x64
		{70EB993B-D0C0-47B0-9263-917406CAFDAB}.Release|x64.Build.0 = Release|x64
		{70EB993B-D0C0-47B0-9263-917406CAFDAB}.Release|x64.Deploy.0 = Release|x64
		{70EB993B-D0C0-47B0-9263-917406CAFDAB}.Release|ARM64.ActiveCfg = Release|ARM64
		{70EB993B-D0C0-47B0-9263-917406CAFDAB}.Release|ARM64.Build.0 = Release|ARM64
		{70EB993B-D0C0-47B0-9263-917406CAFDAB}.Release|ARM64.Deploy.0 = Release|ARM64
		{77D2B532-AFAF-415C-9257-6097BB13208F}.Debug|Win32.ActiveCfg = Debug|Win32
		{77D2B532-AFAF-415C-9257-6097BB13208F}.Debug|Win32.Build.0 = Debug|Win32
		{77D2B532-AFAF-415C-9257-6097BB13208F}.Debug|Win32.Deploy.0 = Debug|Win32
		{77D2B532-AFAF-415C-9257-6097BB13208F}.Debug|x64.ActiveCfg = Debug|x64
		{77D2B532-AFAF-415C-9257-6097BB13208F}.Debug|x64.Build.0 = Debug|x64
		{77D2B532-AFAF-415C-9257-6097BB13208F}.Debug|x64.Deploy.0 = Debug|x64
		{77D2B532-AFAF-415C-9257-6097BB13208F}.Debug|ARM64.ActiveCfg = Debug|ARM64
		{77D2B532-AFAF-415C-9257-6097BB13208F}.Debug|ARM64.Build.0 = Debug|ARM64
		{77D2B532-AFAF-415C-9257-6097BB13208F}.Debug|ARM64.Deploy.0 = Debug|ARM64
		{77D2B532-AFAF-415C-9257-6097BB13208F}.Release|Win32.ActiveCfg = Release|Win32
		{77D2B532-AFAF-415C-9257-6097BB13208F}.Release|Win32.Build.0 = Release|Win32
		{77D2B532-AFAF-415C-9257-6097BB13208F}.Release|Win32.Deploy.0 = Release|Win32
		{77D2B532-AFAF-415C-9257-6097BB13208F}.Release|x64.ActiveCfg = Release|x64
		{77D2B532-AFAF-415C-9257-6097BB13208F}.Release|x64.Build.0 = Release|x64
		{77D2B532-AFAF-415C-9257-6097BB13208F}.Release|x64.Deploy.0 = Release|x64
		{77D2B532-AFAF-415C-9257-6097BB13208F}.Release|ARM64.ActiveCfg = Release|ARM64
		{77D2B532-AFAF-415C-9257-6097BB13208F}.Release|ARM64.Build.0 = Release|ARM64
		{77D2B532-AFAF-415C-9257-6097BB13208F}.Release|ARM64.Deploy.0 = Release|ARM64
		{38BCADC0-0BDB-4BC8-9A60-3F0D3A1343AA}.Debug|Win32.ActiveCfg = Debug|Win32
		{38BCADC0-0BDB-4BC8-9A60-3F0D3A1343AA}.Debug|Win32.Build.0 = Debug|Win32
		{38BCADC0-0BDB-4BC8-9A60-3F0D3A1343AA}.Debug|Win32.Deploy.0 = Debug|Win32
		{38BCADC0-0BDB-4BC8-9A60-3F0D3A1343AA}.Debug|x64.ActiveCfg = Debug|x64
		{38BCADC0-0BDB-4BC8-9A60-3F0D3A1343AA}.Debug|x64.Build.0 = Debug|x64
		{38BCADC0-0BDB-4BC8-9A60-3F0D3A1343AA}.Debug|x64.Deploy.0 = Debug|x64
		{38BCADC0-0BDB-4BC8-9A60-3F0D3A1343AA}.Debug|ARM64.ActiveCfg = Debug|ARM64
		{38BCADC0-0BDB-4BC8-9A60-3F0D3A1343AA}.Debug|ARM64.Build.0 = Debug|ARM64
		{38BCADC0-0BDB-4BC8-9A60-3F0D3A1343AA}.Debug|ARM64.Deploy.0 = Debug|ARM64
		{38BCADC0-0BDB-4BC8-9A60-3F0D3A1343AA}.Release|Win32.ActiveCfg = Release|Win32
		{38BCADC0-0BDB-4BC8-9A60-3F0D3A1343AA}.Release|Win32.Build.0 = Release|Win32
		{38BCADC0-0BDB-4BC8-9A60-3F0D3A1343AA}.Release|Win32.Deploy.0 = Release|Win32
		{38BCADC0-0BDB-4BC8-9A60-3F0D3A1343AA}.Release|x64.ActiveCfg = Release|x64
		{38BCADC0-0BDB-4BC8-9A60-3F0D3A1343AA}.Release|x64.Build.0 = Release|x64
		{38BCADC0-0BDB-4BC8-9A60-3F0D3A1343AA}.Release|x64.Deploy.0 = Release|x64
		{38BCADC0-0BDB-4BC8-9A60-3F0D3A1343AA}.Release|ARM64.ActiveCfg = Release|ARM64
		{38BCADC0-0BDB-4BC8-9A60-3F0D3A1343AA}.Release|ARM64.Build.0 = Release|ARM64
		{38BCADC0-0BDB-4BC8-9A60-3F0D3A1343AA}.Release|ARM64.Deploy.0 = Release|ARM64
		{519F8640-A844-4189-8729-7156CEC02984}.Debug|Win32.ActiveCfg = Debug|Win32
		{519F8640-A844-4189-8729-7156CEC02984}.Debug|Win32.Build.0 = Debug|Win32
		{519F8640-A844-4189-8729-7156CEC02984}.Debug|Win32.Deploy.0 = Debug|Win32
		{519F8640-A844-4189-8729-7156CEC02984}.Debug|x64.ActiveCfg = Debug|x64
		{519F8640-A844-4189-8729-7156CEC02984}.Debug|x64.Build.0 = Debug|x64
		{519F8640-A844-4189-8729-7156CEC02984}.Debug|x64.Deploy.0 = Debug|x64
		{519F8640-A844-4189-8729-7156CEC02984}.Debug|ARM64.ActiveCfg = Debug|ARM64
		{519F8640-A844-4189-8729-7156CEC02984}.Debug|ARM64.Build.0 = Debug|ARM64
		{519F8640-A844-4189-8729-7156CEC02984}.Debug|ARM64.Deploy.0 = Debug|ARM64
		{519F8640-A844-4189-8729-7156CEC02984}.Release|Win32.ActiveCfg = Release|Win32
		{519F8640-A844-4189-8729-7156CEC02984}.Release|Win32.Build.0 = Release|Win32
		{519F8640-A844-4189-8729-7156CEC02984}.Release|Win32.Deploy.0 = Release|Win32
		{519F8640-A844-4189-8729-7156CEC02984}.Release|x64.ActiveCfg = Release|x64
		{519F8640-A844-4189-8729-7156CEC02984}.Release|x64.Build.0 = Release|x64
		{519F8640-A844-4189-8729-7156CEC02984}.Release|x64.Deploy.0 = Release|x64
		{519F8640-A844-4189-8729-7156CEC02984}.Release|ARM64.ActiveCfg = Release|ARM64
		{519F8640-A844-4189-8729-7156CEC02984}.Release|ARM64.Build.0 = Release|ARM64
		{519F8640-A844-4189-8729-7156CEC02984}.Release|ARM64.Deploy.0 = Release|ARM64
		{F7265AD4-131E-4B9E-B949-4C13AB89979B}.Debug|Win32.ActiveCfg = Debug|Win32
		{F7265AD4-131E-4B9E-B949-4C13AB89979B}.Debug|Win32.Build.0 = Debug|Win32
		{F7265AD4-131E-4B9E-B949-4C13AB89979B}.Debug|Win32.Deploy.0 = Debug|Win32
		{F7265AD4-131E-4B9E-B949-4C13AB89979B}.Debug|x64.ActiveCfg = Debug|x64
		{F7265AD4-131E-4B9E-B949-4C13AB89979B}.Debug|x64.Build.0 = Debug|x64
		{F7265AD4-131E-4B9E-B949-4C13AB89979B}.Debug|x64.Deploy.0 = Debug|x64
		{F7265AD4-131E-4B9E-B949-4C13AB89979B}.Debug|ARM64.ActiveCfg = Debug|ARM64
		{F7265AD4-131E-4B9E-B949-4C13AB89979B}.Debug|ARM64.Build.0 = Debug|ARM64
		{F7265AD4-131E-4B9E-B949-4C13AB89979B}.Debug|ARM64.Deploy.0 = Debug|ARM64
		{F7265AD4-131E-4B9E-B949-4C13AB89979B}.Release|Win32.ActiveCfg = Release|Win32
		{F7265AD4-131E-4B9E-B949-4C13AB89979B}.Release|Win32.Build.0 = Release|Win32
		{F7265AD4-131E-4B9E-B949-4C13AB89979B}.Release|Win32.Deploy.0 = Release|Win32
		{F7265AD4-131E-4B9E-B949-4C13AB89979B}.Release|x64.ActiveCfg = Release|x64
		{F7265AD4-131E-4B9E-B949-4C13AB89979B}.Release|x64.Build.0 = Release|x64
		{F7265AD4-131E-4B9E-B949-4C13AB89979B}.Release|x64.Deploy.0 = Release|x64
		{F7265AD4-131E-4B9E-B949-4C13AB89979B}.Release|ARM64.ActiveCfg = Release|ARM64
		{F7265AD4-131E-4B9E-B949-4C13AB89979B}.Release|ARM64.Build.0 = Release|ARM64
		{F7265AD4-131E-4B9E-B949-4C13AB89979B}.Release|ARM64.Deploy.0 = Release|ARM64
		{52AD99F1-851A-434F-93EB-B462EDF193DB}.Debug|Win32.ActiveCfg = Debug|Win32
		{52AD99F1-851A-434F-93EB-B462EDF193DB}.Debug|Win32.Build.0 = Debug|Win32
		{52AD99F1-851A-434F-93EB-B462EDF193DB}.Debug|Win32.Deploy.0 = Debug|Win32
		{52AD99F1-851A-434F-93EB-B462EDF193DB}.Debug|x64.ActiveCfg = Debug|x64
		{52AD99F1-851A-434F-93EB-B462EDF193DB}.Debug|x64.Build.0 = Debug|x64
		{52AD99F1-851A-434F-93EB-B462EDF193DB}.Debug|x64.Deploy.0 = Debug|x64
		{52AD99F1-851A-434F-93EB-B462EDF193DB}.Debug|ARM64.ActiveCfg = Debug|ARM64
		{52AD99F1-851A-434F-93EB-B462EDF193DB}.Debug|ARM64.Build.0 = Debug|ARM64
		{52AD99F1-851A-434F-93EB-B462EDF193DB}.Debug|ARM64.Deploy.0 = Debug|ARM64
		{52AD99F1-851A-434F-93EB-B462EDF193DB}.Release|Win32.ActiveCfg = Release|Win32
		{52AD99F1-851A-434F-93EB-B462EDF193DB}.Release|Win32.Build.0 = Release|Win32
		{52AD99F1-851A-434F-93EB-B462EDF193DB}.Release|Win32.Deploy.0 = Release|Win32
		{52AD99F1-851A-434F-93EB-B462EDF193DB}.Release|x64.ActiveCfg = Release|x64
		{52AD99F1-851A-434F-93EB-B462EDF193DB}.Release|x64.Build.0 = Release|x64
		{52AD99F1-851A-434F-93EB-B462EDF193DB}.Release|x64.Deploy.0 = Release|x64
		{52AD99F1-851A-434F-93EB-B462EDF193DB}.Release|ARM64.ActiveCfg = Release|ARM64
		{52AD99F1-851A-434F-93EB-B462EDF193DB}.Release|ARM64.Build.0 = Release|ARM64
		{52AD99F1-851A-434F-93EB-B462EDF193DB}.Release|ARM64.Deploy.0 = Release|ARM64
		{B15F4B62-7C48-4313-886F-A1C7D73F19B5}.Debug|Win32.ActiveCfg = Debug|Win32
		{B15F4B62-7C48-4313-886F-A1C7D73F19B5}.Debug|Win32.Build.0 = Debug|Win32
		{B15F4B62-7C48-4313-886F-A1C7D73F19B5}.Debug|Win32.Deploy.0 = Debug|Win32
		{B15F4B62-7C48-4313-886F-A1C7D73F19B5}.Debug|x64.ActiveCfg = Debug|x64
		{B15F4B62-7C48-4313-886F-A1C7D73F19B5}.Debug|x64.Build.0 = Debug|x64
		{B15F4B62-7C48-4313-886F-A1C7D73F19B5}.Debug|x64.Deploy.0 = Debug|x64
		{B15F4B62-7C48-4313-886F-A1C7D73F19B5}.Debug|ARM64.ActiveCfg = Debug|ARM64
		{B15F4B62-7C48-4313-886F-A1C7D73F19B5}.Debug|ARM64.Build.0 = Debug|ARM64
		{B15F4B62-7C48-4313-886F-A1C7D73F19B5}.Debug|ARM64.Deploy.0 = Debug|ARM64
		{B15F4B62-7C48-4313-886F-A1C7D73F19B5}.Release|Win32.ActiveCfg = Release|Win32
		{B15F4B62-7C48-4313-886F-A1C7D73F19B5}.Release|Win32.Build.0 = Release|Win32
		{B15F4B62-7C48-4313-886F-A1C7D73F19B5}.Release|Win32.Deploy.0 = Release|Win32
		{B15F4B62-7C48-4313-886F-A1C7D73F19B5}.Release|x64.ActiveCfg = Release|x64
		{B15F4B62-7C48-4313-886F-A1C7D73F19B5}.Release|x64.Build.0 = Release|x64
		{B15F4B62-7C48-4313-886F-A1C7D73F19B5}.Release|x64.Deploy.0 = Release|x64
		{B15F4B62-7C48-4313-886F-A1C7D73F19B5}.Release|ARM64.ActiveCfg = Release|ARM64
		{B15F4B62-7C48-4313-886F-A1C7D73F19B5}.Release|ARM64.Build.0 = Release|ARM64
		{B15F4B62-7C48-4313-886F-A1C7D73F19B5}.Release|ARM64.Deploy.0 = Release|ARM64
		{A0F0C8DF-DF69-438A-AA67-9BA1233E5299}.Debug|Win32.ActiveCfg = Debug|Win32
		{A0F0C8DF-DF69-438A-AA67-9BA1233E5299}.Debug|Win32.Build.0 = Debug|Win32
		{A0F0C8DF-DF69-438A-AA67-9BA1233E5299}.Debug|Win32.Deploy.0 = Debug|Win32
		{A0F0C8DF-DF69-438A-AA67-9BA1233E5299}.Debug|x64.ActiveCfg = Debug|x64
		{A0F0C8DF-DF69-438A-AA67-9BA1233E5299}.Debug|x64.Build.0 = Debug|x64
		{A0F0C8DF-DF69-438A-AA67-9BA1233E5299}.Debug|x64.Deploy.0 = Debug|x64
		{A0F0C8DF-DF69-438A-AA67-9BA1233E5299}.Debug|ARM64.ActiveCfg = Debug|ARM64
		{A0F0C8DF-DF69-438A-AA67-9BA1233E5299}.Debug|ARM64.Build.0 = Debug|ARM64
		{A0F0C8DF-DF69-438A-AA67-9BA1233E5299}.Debug|ARM64.Deploy.0 = Debug|ARM64
		{A0F0C8DF-DF69-438A-AA67-9BA1233E5299}.Release|Win32.ActiveCfg = Release|Win32
		{A0F0C8DF-DF69-438A-AA67-9BA1233E5299}.Release|Win32.Build.0 = Release|Win32
		{A0F0C8DF-DF69-438A-AA67-9BA1233E5299}.Release|Win32.Deploy.0 = Release|Win32
		{A0F0C8DF-DF69-438A-AA67-9BA1233E5299}.Release|x64.ActiveCfg = Release|x64
		{A0F0C8DF-DF69-438A-AA67-9BA1233E5299}.Release|x64.Build.0 = Release|x64
		{A0F0C8DF-DF69-438A-AA67-9BA1233E5299}.Release|x64.Deploy.0 = Release|x64
		{A0F0C8DF-DF69-438A-AA67-9BA1233E5299}.Release|ARM64.ActiveCfg = Release|ARM64
		{A0F0C8DF-DF69-438A-AA67-9BA1233E5299}.Release|ARM64.Build.0 = Release|ARM64
		{A0F0C8DF-DF69-438A-AA67-9BA1233E5299}.Release|ARM64.Deploy.0 = Release|ARM64
		{B61AA1BB-E228-438B-9675-4C0FCB28AC90}.Debug|Win32.ActiveCfg = Debug|Win32
		{B61AA1BB-E228-438B-9675-4C0FCB28AC90}.Debug|Win32.Build.0 = Debug|Win32
		{B61AA1BB-E228-438B-9675-4C0FCB28AC90}.Debug|Win32.Deploy.0 = Debug|Win32
		{B61AA1BB-E228-438B-9675-4C0FCB28AC90}.Debug|x64.ActiveCfg = Debug|x64
		{B61AA1BB-E228-438B-9675-4C0FCB28AC90}.Debug|x64.Build.0 = Debug|x64
		{B61AA1BB-E228-438B-9675-4C0FCB28AC90}.Debug|x64.Deploy.0 = Debug|x64
		{B61AA1BB-E228-438B-9675-4C0FCB28AC90}.Debug|ARM64.ActiveCfg = Debug|ARM64
		{B61AA1BB-E228-438B-9675-4C0FCB28AC90}.Debug|ARM64.Build.0 = Debug|ARM64
		{B61AA1BB-E228-438B-9675-4C0FCB28AC90}.Debug|ARM64.Deploy.0 = Debug|ARM64
		{B61AA1BB-E228-438B-9675-4C0FCB28AC90}.Release|Win32.ActiveCfg = Release|Win32
		{B61AA1BB-E228-438B-9675-4C0FCB28AC90}.Release|Win32.Build.0 = Release|Win32
		{B61AA1BB-E228-438B-9675-4C0FCB28AC90}.Release|Win32.Deploy.0 = Release|Win32
		{B61AA1BB-E228-438B-9675-4C0FCB28AC90}.Release|x64.ActiveCfg = Release|x64
		{B61AA1BB-E228-438B-9675-4C0FCB28AC90}.Release|x64.Build.0 = Release|x64
		{B61AA1BB-E228-438B-9675-4C0FCB28AC90}.Release|x64.Deploy.0 = Release|x64
		{B61AA1BB-E228-438B-9675-4C0FCB28AC90}.Release|ARM64.ActiveCfg = Release|ARM64
		{B61AA1BB-E228-438B-9675-4C0FCB28AC90}.Release|ARM64.Build.0 = Release|ARM64
		{B61AA1BB-E228-438B-9675-4C0FCB28AC90}.Release|ARM64.Deploy.0 = Release|ARM64
		{151BF30F-A3A6-4BEE-A2BC-3929147DAC93}.Debug|Win32.ActiveCfg = Debug|Win32
		{151BF30F-A3A6-4BEE-A2BC-3929147DAC93}.Debug|Win32.Build.0 = Debug|Win32
		{151BF30F-A3A6-4BEE-A2BC-3929147DAC93}.Debug|Win32.Deploy.0 = Debug|Win32
		{151BF30F-A3A6-4BEE-A2BC-3929147DAC93}.Debug|x64.ActiveCfg = Debug|x64
		{151BF30F-A3A6-4BEE-A2BC-3929147DAC93}.Debug|x64.Build.0 = Debug|x64
		{151BF30F-A3A6-4BEE-A2BC-3929147DAC93}.Debug|x64.Deploy.0 = Debug|x64
		{151BF30F-A3A6-4BEE-A2BC-3929147DAC93}.Debug|ARM64.ActiveCfg = Debug|ARM64
		{151BF30F-A3A6-4BEE-A2BC-3929147DAC93}.Debug|ARM64.Build.0 = Debug|ARM64
		{151BF30F-A3A6-4BEE-A2BC-3929147DAC93}.Debug|ARM64.Deploy.0 = Debug|ARM64
		{151BF30F-A3A6-4BEE-A2BC-3929147DAC93}.Release|Win32.ActiveCfg = Release|Win32
		{151BF30F-A3A6-4BEE-A2BC-3929147DAC93}.Release|Win32.Build.0 = Release|Win32
		{151BF30F-A3A6-4BEE-A2BC-3929147DAC93}.Release|Win32.Deploy.0 = Release|Win32
		{151BF30F-A3A6-4BEE-A2BC-3929147DAC93}.Release|x64.ActiveCfg = Release|x64
		{151BF30F-A3A6-4BEE-A2BC-3929147DAC93}.Release|x64.Build.0 = Release|x64
		{151BF30F-A3A6-4BEE-A2BC-3929147DAC93}.Release|x64.Deploy.0 = Release|x64
		{151BF30F-A3A6-4BEE-A2BC-3929147DAC93}.Release|ARM64.ActiveCfg = Release|ARM64
		{151BF30F-A3A6-4BEE-A2BC-3929147DAC93}.Release|ARM64.Build.0 = Release|ARM64
		{151BF30F-A3A6-4BEE-A2BC-3929147DAC93}.Release|ARM64.Deploy.0 = Release|ARM64
		{15BE5F79-4CB9-4059-8A8C-05AD37F8897C}.Debug|Win32.ActiveCfg = Debug|Win32
		{15BE5F79-4CB9-4059-8A8C-05AD37F8897C}.Debug|Win32.Build.0 = Debug|Win32
		{15BE5F79-4CB9-4059-8A8C-05AD37F8897C}.Debug|Win32.Deploy.0 = Debug|Win32
		{15BE5F79-4CB9-4059-8A8C-05AD37F8897C}.Debug|x64.ActiveCfg = Debug|x64
		{15BE5F79-4CB9-4059-8A8C-05AD37F8897C}.Debug|x64.Build.0 = Debug|x64
		{15BE5F79-4CB9-4059-8A8C-05AD37F8897C}.Debug|x64.Deploy.0 = Debug|x64
		{15BE5F79-4CB9-4059-8A8C-05AD37F8897C}.Debug|ARM64.ActiveCfg = Debug|ARM64
		{15BE5F79-4CB9-4059-8A8C-05AD37F8897C}.Debug|ARM64.Build.0 = Debug|ARM64
		{15BE5F79-4CB9-4059-8A8C-05AD37F8897C}.Debug|ARM64.Deploy.0 = Debug|ARM64
		{15BE5F79-4CB9-4059-8A8C-05AD37F8897C}.Release|Win32.ActiveCfg = Release|Win32
		{15BE5F79-4CB9-4059-8A8C-05AD37F8897C}.Release|Win32.Build.0 = Release|Win32
		{15BE5F79-4CB9-4059-8A8C-05AD37F8897C}.Release|Win32.Deploy.0 = Release|Win32
		{15BE5F79-4CB9-4059-8A8C-05AD37F8897C}.Release|x64.ActiveCfg = Release|x64
		{15BE5F79-4CB9-4059-8A8C-05AD37F8897C}.Release|x64.Build.0 = Release|x64
		{15BE5F79-4CB9-4059-8A8C-05AD37F8897C}.Release|x64.Deploy.0 = Release|x64
		{15BE5F79-4CB9-4059-8A8C-05AD37F8897C}.Release|ARM64.ActiveCfg = Release|ARM64
		{15BE5F79-4CB9-4059-8A8C-05AD37F8897C}.Release|ARM64.Build.0 = Release|ARM64
		{15BE5F79-4CB9-4059-8A8C-05AD37F8897C}.Release|ARM64.Deploy.0 = Release|ARM64
		{C81028E6-37B2-4BEF-BF0E-6E59000C8598}.Debug|Win32.ActiveCfg = Debug|Win32
		{C81028E6-37B2-4BEF-BF0E-6E59000C8598}.Debug|Win32.Build.0 = Debug|Win32
		{C81028E6-37B2-4BEF-BF0E-6E59000C8598}.Debug|Win32.Deploy.0 = Debug|Win32
		{C81028E6-37B2-4BEF-BF0E-6E59000C8598}.Debug|x64.ActiveCfg = Debug|x64
		{C81028E6-37B2-4BEF-BF0E-6E59000C8598}.Debug|x64.Build.0 = Debug|x64
		{C81028E6-37B2-4BEF-BF0E-6E59000C8598}.Debug|x64.Deploy.0 = Debug|x64
		{C81028E6-37B2-4BEF-BF0E-6E59000C8598}.Debug|ARM64.ActiveCfg = Debug|ARM64
		{C81028E6-37B2-4BEF-BF0E-6E59000C8598}.Debug|ARM64.Build.0 = Debug|ARM64
		{C81028E6-37B2-4BEF-BF0E-6E59000C8598}.Debug|ARM64.Deploy.0 = Debug|ARM64
		{C81028E6-37B2-4BEF-BF0E-6E59000C8598}.Release|Win32.ActiveCfg = Release|Win32
		{C81028E6-37B2-4BEF-BF0E-6E59000C8598}.Release|Win32.Build.0 = Release|Win32
		{C81028E6-37B2-4BEF-BF0E-6E59000C8598}.Release|Win32.Deploy.0 = Release|Win32
		{C81028E6-37B2-4BEF-BF0E-6E59000C8598}.Release|x64.ActiveCfg = Release|x64
		{C81028E6-37B2-4BEF-BF0E-6E59000C8598}.Release|x64.Build.0 = Release|x64
		{C81028E6-37B2-4BEF-BF0E-6E59000C8598}.Release|x64.Deploy.0 = Release|x64
		{C81028E6-37B2-4BEF-BF0E-6E59000C8598}.Release|ARM64.ActiveCfg = Release|ARM64
		{C81028E6-37B2-4BEF-BF0E-6E59000C8598}.Release|ARM64.Build.0 = Release|ARM64
		{C81028E6-37B2-4BEF-BF0E-6E59000C8598}.Release|ARM64.Deploy.0 = Release|ARM64
		{2A12EB4A-AC02-4ABF-A147-D4CAFB18F716}.Debug|Win32.ActiveCfg = Debug|Win32
		{2A12EB4A-AC02-4ABF-A147-D4CAFB18F716}.Debug|Win32.Build.0 = Debug|Win32
		{2A12EB4A-AC02-4ABF-A147-D4CAFB18F716}.Debug|Win32.Deploy.0 = Debug|Win32
		{2A12EB4A-AC02-4ABF-A147-D4CAFB18F716}.Debug|x64.ActiveCfg = Debug|x64
		{2A12EB4A-AC02-4ABF-A147-D4CAFB18F716}.Debug|x64.Build.0 = Debug|x64
		{2A12EB4A-AC02-4ABF-A147-D4CAFB18F716}.Debug|x64.Deploy.0 = Debug|x64
		{2A12EB4A-AC02-4ABF-A147-D4CAFB18F716}.Debug|ARM64.ActiveCfg = Debug|ARM64
		{2A12EB4A-AC02-4ABF-A147-D4CAFB18F716}.Debug|ARM64.Build.0 = Debug|ARM64
		{2A12EB4A-AC02-4ABF-A147-D4CAFB18F716}.Debug|ARM64.Deploy.0 = Debug|ARM64
		{2A12EB4A-AC02-4ABF-A147-D4CAFB18F716}.Release|Win32.ActiveCfg = Release|Win32
		{2A12EB4A-AC02-4ABF-A147-D4CAFB18F716}.Release|Win32.Build.0 = Release|Win32
		{2A12EB4A-AC02-4ABF-A147-D4CAFB18F716}.Release|Win32.Deploy.0 = Release|Win32
		{2A12EB4A-AC02-4ABF-A147-D4CAFB18F716}.Release|x64.ActiveCfg = Release|x64
		{2A12EB4A-AC02-4ABF-A147-D4CAFB18F716}.Release|x64.Build.0 = Release|x64
		{2A12EB4A-AC02-4ABF-A147-D4CAFB18F716}.Release|x64.Deploy.0 = Release|x64
		{2A12EB4A-AC02-4ABF-A147-D4CAFB18F716}.Release|ARM64.ActiveCfg = Release|ARM64
		{2A12EB4A-AC02-4ABF-A147-D4CAFB18F716}.Release|ARM64.Build.0 = Release|ARM64
		{2A12EB4A-AC02-4ABF-A147-D4CAFB18F716}.Release|ARM64.Deploy.0 = Release|ARM64
		{D90E52F9-BC11-435E-B378-B07F2ACF65DB}.Debug|Win32.ActiveCfg = Debug|Win32
		{D90E52F9-BC11-435E-B378-B07F2ACF65DB}.Debug|Win32.Build.0 = Debug|Win32
		{D90E52F9-BC11-435E-B378-B07F2ACF65DB}.Debug|Win32.Deploy.0 = Debug|Win32
		{D90E52F9-BC11-435E-B378-B07F2ACF65DB}.Debug|x64.ActiveCfg = Debug|x64
		{D90E52F9-BC11-435E-B378-B07F2ACF65DB}.Debug|x64.Build.0 = Debug|x64
		{D90E52F9-BC11-435E-B378-B07F2ACF65DB}.Debug|x64.Deploy.0 = Debug|x64
		{D90E52F9-BC11-435E-B378-B07F2ACF65DB}.Debug|ARM64.ActiveCfg = Debug|ARM64
		{D90E52F9-BC11-435E-B378-B07F2ACF65DB}.Debug|ARM64.Build.0 = Debug|ARM64
		{D90E52F9-BC11-435E-B378-B07F2ACF65DB}.Debug|ARM64.Deploy.0 = Debug|ARM64
		{D90E52F9-BC11-435E-B378-B07F2ACF65DB}.Release|Win32.ActiveCfg = Release|Win32
		{D90E52F9-BC11-435E-B378-B07F2ACF65DB}.Release|Win32.Build.0 = Release|Win32
		{D90E52F9-BC11-435E-B378-B07F2ACF65DB}.Release|Win32.Deploy.0 = Release|Win32
		{D90E52F9-BC11-435E-B378-B07F2ACF65DB}.Release|x64.ActiveCfg = Release|x64
		{D90E52F9-BC11-435E-B378-B07F2ACF65DB}.Release|x64.Build.0 = Release|x64
		{D90E52F9-BC11-435E-B378-B07F2ACF65DB}.Release|x64.Deploy.0 = Release|x64
		{D90E52F9-BC11-435E-B378-B07F2ACF65DB}.Release|ARM64.ActiveCfg = Release|ARM64
		{D90E52F9-BC11-435E-B378-B07F2ACF65DB}.Release|ARM64.Build.0 = Release|ARM64
		{D90E52F9-BC11-435E-B378-B07F2ACF65DB}.Release|ARM64.Deploy.0 = Release|ARM64
		{59084786-4E88-41A4-97D5-0B769FEA5A4A}.Debug|Win32.ActiveCfg = Debug|Win32
		{59084786-4E88-41A4-97D5-0B769FEA5A4A}.Debug|Win32.Build.0 = Debug|Win32
		{59084786-4E88-41A4-97D5-0B769FEA5A4A}.Debug|Win32.Deploy.0 = Debug|Win32
		{59084786-4E88-41A4-97D5-0B769FEA5A4A}.Debug|x64.ActiveCfg = Debug|x64
		{59084786-4E88-41A4-97D5-0B769FEA5A4A}.Debug|x64.Build.0 = Debug|x64
		{59084786-4E88-41A4-97D5-0B769FEA5A4A}.Debug|x64.Deploy.0 = Debug|x64
		{59084786-4E88-41A4-97D5-0B769FEA5A4A}.Debug|ARM64.ActiveCfg = Debug|ARM64
		{59084786-4E88-41A4-97D5-0B769FEA5A4A}.Debug|ARM64.Build.0 = Debug|ARM64
		{59084786-4E88-41A4-97D5-0B769FEA5A4A}.Debug|ARM64.Deploy.0 = Debug|ARM64
		{59084786-4E88-41A4-97D5-0B769FEA5A4A}.Release|Win32.ActiveCfg = Release|Win32
		{59084786-4E88-41A4-97D5-0B769FEA5A4A}.Release|Win32.Build.0 = Release|Win32
		{59084786-4E88-41A4-97D5-0B769FEA5A4A}.Release|Win32.Deploy.0 = Release|Win32
		{59084786-4E88-41A4-97D5-0B769FEA5A4A}.Release|x64.ActiveCfg = Release|x64
		{59084786-4E88-41A4-97D5-0B769FEA5A4A}.Release|x64.Build.0 = Release|x64
		{59084786-4E88-41A4-97D5-0B769FEA5A4A}.Release|x64.Deploy.0 = Release|x64
		{59084786-4E88-41A4-97D5-0B769FEA5A4A}.Release|ARM64.ActiveCfg = Release|ARM64
		{59084786-4E88-41A4-97D5-0B769FEA5A4A}.Release|ARM64.Build.0 = Release|ARM64
		{59084786-4E88-41A4-97D5-0B769FEA5A4A}.Release|ARM64.Deploy.0 = Release|ARM64
		{FA47555B-02F2-40E6-BA92-E69DEC2508D5}.Debug|Win32.ActiveCfg = Debug|Win32
		{FA47555B-02F2-40E6-BA92-E69DEC2508D5}.Debug|Win32.Build.0 = Debug|Win32
		{FA47555B-02F2-40E6-BA92-E69DEC2508D5}.Debug|Win32.Deploy.0 = Debug|Win32
		{FA47555B-02F2-40E6-BA92-E69DEC2508D5}.Debug|x64.ActiveCfg = Debug|x64
		{FA47555B-02F2-40E6-BA92-E69DEC2508D5}.Debug|x64.Build.0 = Debug|x64
		{FA47555B-02F2-40E6-BA92-E69DEC2508D5}.Debug|x64.Deploy.0 = Debug|x64
		{FA47555B-02F2-40E6-BA92-E69DEC2508D5}.Debug|ARM64.ActiveCfg = Debug|ARM64
		{FA47555B-02F2-40E6-BA92-E69DEC2508D5}.Debug|ARM64.Build.0 = Debug|ARM64
		{FA47555B-02F2-40E6-BA92-E69DEC2508D5}.Debug|ARM64.Deploy.0 = Debug|ARM64
		{FA47555B-02F2-40E6-BA92-E69DEC2508D5}.Release|Win32.ActiveCfg = Release|Win32
		{FA47555B-02F2-40E6-BA92-E69DEC2508D5}.Release|Win32.Build.0 = Release|Win32
		{FA47555B-02F2-40E6-BA92-E69DEC2508D5}.Release|Win32.Deploy.0 = Release|Win32
		{FA47555B-02F2-40E6-BA92-E69DEC2508D5}.Release|x64.ActiveCfg = Release|x64
		{FA47555B-02F2-40E6-BA92-E69DEC2508D5}.Release|x64.Build.0 = Release|x64
		{FA47555B-02F2-40E6-BA92-E69DEC2508D5}.Release|x64.Deploy.0 = Release|x64
		{FA47555B-02F2-40E6-BA92-E69DEC2508D5}.Release|ARM64.ActiveCfg = Release|ARM64
		{FA47555B-02F2-40E6-BA92-E69DEC2508D5}.Release|ARM64.Build.0 = Release|ARM64
		{FA47555B-02F2-40E6-BA92-E69DEC2508D5}.Release|ARM64.Deploy.0 = Release|ARM64
		{4A4DBC17-4A17-4793-807B-883ADD113CA9}.Debug|Win32.ActiveCfg = Debug|Win32
		{4A4DBC17-4A17-4793-807B-883ADD113CA9}.Debug|Win32.Build.0 = Debug|Win32
		{4A4DBC17-4A17-4793-807B-883ADD113CA9}.Debug|Win32.Deploy.0 = Debug|Win32
		{4A4DBC17-4A17-4793-807B-883ADD113CA9}.Debug|x64.ActiveCfg = Debug|x64
		{4A4DBC17-4A17-4793-807B-883ADD113CA9}.Debug|x64.Build.0 = Debug|x64
		{4A4DBC17-4A17-4793-807B-883ADD113CA9}.Debug|x64.Deploy.0 = Debug|x64
		{4A4DBC17-4A17-4793-807B-883ADD113CA9}.Debug|ARM64.ActiveCfg = Debug|ARM64
		{4A4DBC17-4A17-4793-807B-883ADD113CA9}.Debug|ARM64.Build.0 = Debug|ARM64
		{4A4DBC17-4A17-4793-807B-883ADD113CA9}.Debug|ARM64.Deploy.0 = Debug|ARM64
		{4A4DBC17-4A17-4793-807B-883ADD113CA9}.Release|Win32.ActiveCfg = Release|Win32
		{4A4DBC17-4A17-4793-807B-883ADD113CA9}.Release|Win32.Build.0 = Release|Win32
		{4A4DBC17-4A17-4793-807B-883ADD113CA9}.Release|Win32.Deploy.0 = Release|Win32
		{4A4DBC17-4A17-4793-807B-883ADD113CA9}.Release|x64.ActiveCfg = Release|x64
		{4A4DBC17-4A17-4793-807B-883ADD113CA9}.Release|x64.Build.0 = Release|x64
		{4A4DBC17-4A17-4793-807B-883ADD113CA9}.Release|x64.Deploy.0 = Release|x64
		{4A4DBC17-4A17-4793-807B-883ADD113CA9}.Release|ARM64.ActiveCfg = Release|ARM64
		{4A4DBC17-4A17-4793-807B-883ADD113CA9}.Release|ARM64.Build.0 = Release|ARM64
		{4A4DBC17-4A17-4793-807B-883ADD113CA9}.Release|ARM64.Deploy.0 = Release|ARM64
	EndGlobalSection
	GlobalSection(SolutionProperties) = preSolution
		HideSolutionNode = FALSE
	EndGlobalSection
EndGlobal
