<?xml version="1.0" encoding="utf-8"?>
<Project ToolsVersion="4.0" xmlns="http://schemas.microsoft.com/developer/msbuild/2003">
  <ItemGroup>
    <ClCompile Include="src\main.cpp" />
    <ClCompile Include="src\Boilerplate\glad.c" />
    <ClCompile Include="src\PhysicsSystem.cpp" />
    <ClCompile Include="src\Text.cpp" />
    <ClCompile Include="src\RenderingSystem.cpp" />
    <ClCompile Include="src\Shader.cpp" />
    <ClCompile Include="src\Texture.cpp" />
    <ClCompile Include="src\stb_image.cpp" />
    <ClCompile Include="src\Camera.cpp" />
    <ClCompile Include="src\Model.cpp" />
    <ClCompile Include="src\ModelLoader.cpp" />
  </ItemGroup>
  <ItemGroup>
    <ClInclude Include="src\Entity.h" />
    <ClInclude Include="src\Model.h" />
    <ClInclude Include="src\Transform.h" />
    <ClInclude Include="src\PhysicsSystem.h" />
    <ClInclude Include="src\Shader.h" />
    <ClInclude Include="src\Text.h" />
    <ClInclude Include="src\RenderingSystem.h" />
    <ClInclude Include="src\Texture.h" />
    <ClInclude Include="src\stb_image.h" />
    <ClInclude Include="src\Camera.h" />
    <ClInclude Include="src\ModelLoader.h" />
    <ClInclude Include="src\tiny_obj_loader.h" />
    <ClInclude Include="src\OBJ_Loader.h" />
  </ItemGroup>
  <ItemGroup>
    <None Include="src\fragment_shader.txt" />
    <None Include="src\vertex_shader.txt" />
    <None Include="src\assets\models\bed_double_A.mtl" />
    <None Include="src\assets\models\box_A.mtl" />
    <None Include="src\assets\models\building_E.mtl" />
  </ItemGroup>
  <ItemGroup>
    <Font Include="assets\Gaegu-Bold.ttf" />
    <Font Include="..\..\..\Downloads\Fonts\Gaegu-Bold.ttf" />
    <Font Include="assets\Nexa-Trial-Heavy.ttf" />
    <Font Include="assets\arial.ttf" />
  </ItemGroup>
  <ItemGroup>
    <Text Include="src\vertex_shader_text.txt" />
    <Text Include="src\fragment_shader_text.txt" />
    <Text Include="x64\Release\CPSC585-G2.vcxproj.FileListAbsolute.txt" />
  </ItemGroup>
  <ItemGroup>
    <Image Include="src\Textures\wood.jpg" />
    <Image Include="src\Textures\cat.jpg" />
    <Image Include="src\assets\models\furniturebits_texture.png" />
  </ItemGroup>
  <ItemGroup>
    <Object Include="src\assets\models\bed_double_A.obj" />
    <Object Include="src\assets\models\box_A.obj" />
    <Object Include="src\assets\models\building_E.obj" />
  </ItemGroup>
</Project>