<?xml version="1.0" encoding="utf-8"?>
<Project ToolsVersion="4.0" xmlns="http://schemas.microsoft.com/developer/msbuild/2003">
  <ItemGroup>
    <ClCompile Include="src\main.cpp" />
    <ClCompile Include="src\Boilerplate\glad.c" />
    <ClCompile Include="src\PhysicsSystem.cpp" />
    <ClCompile Include="libraries\snippetcommon\ClassicMain.cpp" />
    <ClCompile Include="libraries\snippetvehicle2common\SnippetVehicleHelpers.cpp" />
    <ClCompile Include="libraries\snippetvehicle2common\SnippetVehicleRender.cpp" />
    <ClCompile Include="libraries\snippetvehicle2common\serialization\SerializationCommon.cpp" />
    <ClCompile Include="libraries\snippetvehicle2common\serialization\BaseSerialization.cpp" />
    <ClCompile Include="libraries\snippetvehicle2common\serialization\DirectDrivetrainSerialization.cpp" />
    <ClCompile Include="libraries\snippetvehicle2common\serialization\EngineDrivetrainSerialization.cpp" />
    <ClCompile Include="libraries\snippetvehicle2common\physxintegration\PhysXIntegration.cpp" />
    <ClCompile Include="libraries\snippetvehicle2common\enginedrivetrain\EngineDrivetrain.cpp" />
    <ClCompile Include="libraries\snippetvehicle2common\directdrivetrain\DirectDrivetrain.cpp" />
    <ClCompile Include="libraries\snippetvehicle2common\base\Base.cpp" />
    <ClCompile Include="src\Car.cpp" />
    <ClCompile Include="src\Projectile.cpp" />
  </ItemGroup>
  <ItemGroup>
    <ClInclude Include="src\Entity.h" />
    <ClInclude Include="src\Model.h" />
    <ClInclude Include="src\Transform.h" />
    <ClInclude Include="src\PhysicsSystem.h" />
    <ClInclude Include="src\shader_s.h" />
    <ClInclude Include="libraries\snippetcommon\SnippetPrint.h" />
    <ClInclude Include="libraries\snippetcommon\SnippetPVD.h" />
    <ClInclude Include="libraries\snippetvehicle2common\SnippetVehicleHelpers.h" />
    <ClInclude Include="libraries\snippetvehicle2common\serialization\SerializationCommon.h" />
    <ClInclude Include="libraries\snippetvehicle2common\serialization\BaseSerialization.h" />
    <ClInclude Include="libraries\snippetvehicle2common\serialization\DirectDrivetrainSerialization.h" />
    <ClInclude Include="libraries\snippetvehicle2common\serialization\EngineDrivetrainSerialization.h" />
    <ClInclude Include="libraries\snippetvehicle2common\physxintegration\PhysXIntegration.h" />
    <ClInclude Include="libraries\snippetvehicle2common\enginedrivetrain\EngineDrivetrain.h" />
    <ClInclude Include="libraries\snippetvehicle2common\directdrivetrain\DirectDrivetrain.h" />
    <ClInclude Include="libraries\snippetvehicle2common\base\Base.h" />
    <ClInclude Include="src\Car.h" />
    <ClInclude Include="src\Projectile.h" />
  </ItemGroup>
  <ItemGroup>
    <None Include="src\shader.fs" />
    <None Include="src\shader.vs" />
  </ItemGroup>
</Project>