<?xml version="1.0" encoding="utf-8"?>
<Project ToolsVersion="4.0" xmlns="http://schemas.microsoft.com/developer/msbuild/2003">
  <ItemGroup>
    <ClCompile Include="src\main.cpp" />
    <ClCompile Include="src\Boilerplate\glad.c" />
    <ClCompile Include="src\PhysicsSystem.cpp" />
    <ClCompile Include="src\Text.cpp" />
    <ClCompile Include="src\RenderingSystem.cpp" />
    <ClCompile Include="src\Shader.cpp" />
    <ClCompile Include="src\Texture.cpp" />
    <ClCompile Include="src\stb_image.cpp" />
  </ItemGroup>
  <ItemGroup>
    <ClInclude Include="src\Entity.h" />
    <ClInclude Include="src\Model.h" />
    <ClInclude Include="src\Transform.h" />
    <ClInclude Include="src\PhysicsSystem.h" />
    <ClInclude Include="src\Shader.h" />
    <ClInclude Include="src\Text.h" />
    <ClInclude Include="src\RenderingSystem.h" />
    <ClInclude Include="src\Texture.h" />
    <ClInclude Include="src\stb_image.h" />
  </ItemGroup>
  <ItemGroup>
    <None Include="src\fragment_shader.txt" />
    <None Include="src\vertex_shader.txt" />
  </ItemGroup>
  <ItemGroup>
    <Font Include="src\assets\Gaegu-Bold.ttf" />
    <Font Include="..\..\..\Downloads\Fonts\Gaegu-Bold.ttf" />
    <Font Include="src\assets\Nexa-Trial-Heavy.ttf" />
    <Font Include="src\assets\arial.ttf" />
  </ItemGroup>
  <ItemGroup>
    <Text Include="src\vertex_shader_text.txt" />
    <Text Include="src\fragment_shader_text.txt" />
  </ItemGroup>
</Project>