
Microsoft Visual Studio Solution File, Format Version 11.00
# Visual Studio Version 16
Project("{8BC9CEB8-8B4A-11D0-8D11-00A0C91BC942}") = "3d", "3d.vcxproj", "{8009A976-A569-4AA5-9C59-63CC8DD86DDD}"
EndProject
Project("{8BC9CEB8-8B4A-11D0-8D11-00A0C91BC942}") = "3d_multi", "3d_multi.vcxproj", "{95DE9436-759A-4461-9E10-95648CA2DCE6}"
EndProject
Project("{8BC9CEB8-8B4A-11D0-8D11-00A0C91BC942}") = "event_parameter", "event_parameter.vcxproj", "{29B11F18-1B20-4060-ADC5-428A778556CD}"
EndProject
Project("{8BC9CEB8-8B4A-11D0-8D11-00A0C91BC942}") = "load_banks", "load_banks.vcxproj", "{F4E56C25-47EF-4815-A5C4-AF59C080FA42}"
EndProject
Project("{8BC9CEB8-8B4A-11D0-8D11-00A0C91BC942}") = "music_callbacks", "music_callbacks.vcxproj", "{469D1E3A-2885-42B9-8C1A-90E16B69E944}"
EndProject
Project("{8BC9CEB8-8B4A-11D0-8D11-00A0C91BC942}") = "objectpan", "objectpan.vcxproj", "{727EFF92-A004-4D6D-B257-5BE48A73FB76}"
EndProject
Project("{8BC9CEB8-8B4A-11D0-8D11-00A0C91BC942}") = "programmer_sound", "programmer_sound.vcxproj", "{EBB81BD6-8872-4A36-9ECA-BAB2EE3CEA63}"
EndProject
Project("{8BC9CEB8-8B4A-11D0-8D11-00A0C91BC942}") = "recording_playback", "recording_playback.vcxproj", "{1EC4AD5A-EF4C-4F85-A3F2-09EF5BF794FD}"
EndProject
Project("{8BC9CEB8-8B4A-11D0-8D11-00A0C91BC942}") = "simple_event", "simple_event.vcxproj", "{264EE6C7-1A11-4F4A-92E5-376D85BE9168}"
EndProject
Global
	GlobalSection(SolutionConfigurationPlatforms) = preSolution
		Debug|Win32 = Debug|Win32
		Debug|x64 = Debug|x64
		Debug|ARM64 = Debug|ARM64
		Release|Win32 = Release|Win32
		Release|x64 = Release|x64
		Release|ARM64 = Release|ARM64
	EndGlobalSection
	GlobalSection(ProjectConfigurationPlatforms) = postSolution
		{8009A976-A569-4AA5-9C59-63CC8DD86DDD}.Debug|Win32.ActiveCfg = Debug|Win32
		{8009A976-A569-4AA5-9C59-63CC8DD86DDD}.Debug|Win32.Build.0 = Debug|Win32
		{8009A976-A569-4AA5-9C59-63CC8DD86DDD}.Debug|Win32.Deploy.0 = Debug|Win32
		{8009A976-A569-4AA5-9C59-63CC8DD86DDD}.Debug|x64.ActiveCfg = Debug|x64
		{8009A976-A569-4AA5-9C59-63CC8DD86DDD}.Debug|x64.Build.0 = Debug|x64
		{8009A976-A569-4AA5-9C59-63CC8DD86DDD}.Debug|x64.Deploy.0 = Debug|x64
		{8009A976-A569-4AA5-9C59-63CC8DD86DDD}.Debug|ARM64.ActiveCfg = Debug|ARM64
		{8009A976-A569-4AA5-9C59-63CC8DD86DDD}.Debug|ARM64.Build.0 = Debug|ARM64
		{8009A976-A569-4AA5-9C59-63CC8DD86DDD}.Debug|ARM64.Deploy.0 = Debug|ARM64
		{8009A976-A569-4AA5-9C59-63CC8DD86DDD}.Release|Win32.ActiveCfg = Release|Win32
		{8009A976-A569-4AA5-9C59-63CC8DD86DDD}.Release|Win32.Build.0 = Release|Win32
		{8009A976-A569-4AA5-9C59-63CC8DD86DDD}.Release|Win32.Deploy.0 = Release|Win32
		{8009A976-A569-4AA5-9C59-63CC8DD86DDD}.Release|x64.ActiveCfg = Release|x64
		{8009A976-A569-4AA5-9C59-63CC8DD86DDD}.Release|x64.Build.0 = Release|x64
		{8009A976-A569-4AA5-9C59-63CC8DD86DDD}.Release|x64.Deploy.0 = Release|x64
		{8009A976-A569-4AA5-9C59-63CC8DD86DDD}.Release|ARM64.ActiveCfg = Release|ARM64
		{8009A976-A569-4AA5-9C59-63CC8DD86DDD}.Release|ARM64.Build.0 = Release|ARM64
		{8009A976-A569-4AA5-9C59-63CC8DD86DDD}.Release|ARM64.Deploy.0 = Release|ARM64
		{95DE9436-759A-4461-9E10-95648CA2DCE6}.Debug|Win32.ActiveCfg = Debug|Win32
		{95DE9436-759A-4461-9E10-95648CA2DCE6}.Debug|Win32.Build.0 = Debug|Win32
		{95DE9436-759A-4461-9E10-95648CA2DCE6}.Debug|Win32.Deploy.0 = Debug|Win32
		{95DE9436-759A-4461-9E10-95648CA2DCE6}.Debug|x64.ActiveCfg = Debug|x64
		{95DE9436-759A-4461-9E10-95648CA2DCE6}.Debug|x64.Build.0 = Debug|x64
		{95DE9436-759A-4461-9E10-95648CA2DCE6}.Debug|x64.Deploy.0 = Debug|x64
		{95DE9436-759A-4461-9E10-95648CA2DCE6}.Debug|ARM64.ActiveCfg = Debug|ARM64
		{95DE9436-759A-4461-9E10-95648CA2DCE6}.Debug|ARM64.Build.0 = Debug|ARM64
		{95DE9436-759A-4461-9E10-95648CA2DCE6}.Debug|ARM64.Deploy.0 = Debug|ARM64
		{95DE9436-759A-4461-9E10-95648CA2DCE6}.Release|Win32.ActiveCfg = Release|Win32
		{95DE9436-759A-4461-9E10-95648CA2DCE6}.Release|Win32.Build.0 = Release|Win32
		{95DE9436-759A-4461-9E10-95648CA2DCE6}.Release|Win32.Deploy.0 = Release|Win32
		{95DE9436-759A-4461-9E10-95648CA2DCE6}.Release|x64.ActiveCfg = Release|x64
		{95DE9436-759A-4461-9E10-95648CA2DCE6}.Release|x64.Build.0 = Release|x64
		{95DE9436-759A-4461-9E10-95648CA2DCE6}.Release|x64.Deploy.0 = Release|x64
		{95DE9436-759A-4461-9E10-95648CA2DCE6}.Release|ARM64.ActiveCfg = Release|ARM64
		{95DE9436-759A-4461-9E10-95648CA2DCE6}.Release|ARM64.Build.0 = Release|ARM64
		{95DE9436-759A-4461-9E10-95648CA2DCE6}.Release|ARM64.Deploy.0 = Release|ARM64
		{29B11F18-1B20-4060-ADC5-428A778556CD}.Debug|Win32.ActiveCfg = Debug|Win32
		{29B11F18-1B20-4060-ADC5-428A778556CD}.Debug|Win32.Build.0 = Debug|Win32
		{29B11F18-1B20-4060-ADC5-428A778556CD}.Debug|Win32.Deploy.0 = Debug|Win32
		{29B11F18-1B20-4060-ADC5-428A778556CD}.Debug|x64.ActiveCfg = Debug|x64
		{29B11F18-1B20-4060-ADC5-428A778556CD}.Debug|x64.Build.0 = Debug|x64
		{29B11F18-1B20-4060-ADC5-428A778556CD}.Debug|x64.Deploy.0 = Debug|x64
		{29B11F18-1B20-4060-ADC5-428A778556CD}.Debug|ARM64.ActiveCfg = Debug|ARM64
		{29B11F18-1B20-4060-ADC5-428A778556CD}.Debug|ARM64.Build.0 = Debug|ARM64
		{29B11F18-1B20-4060-ADC5-428A778556CD}.Debug|ARM64.Deploy.0 = Debug|ARM64
		{29B11F18-1B20-4060-ADC5-428A778556CD}.Release|Win32.ActiveCfg = Release|Win32
		{29B11F18-1B20-4060-ADC5-428A778556CD}.Release|Win32.Build.0 = Release|Win32
		{29B11F18-1B20-4060-ADC5-428A778556CD}.Release|Win32.Deploy.0 = Release|Win32
		{29B11F18-1B20-4060-ADC5-428A778556CD}.Release|x64.ActiveCfg = Release|x64
		{29B11F18-1B20-4060-ADC5-428A778556CD}.Release|x64.Build.0 = Release|x64
		{29B11F18-1B20-4060-ADC5-428A778556CD}.Release|x64.Deploy.0 = Release|x64
		{29B11F18-1B20-4060-ADC5-428A778556CD}.Release|ARM64.ActiveCfg = Release|ARM64
		{29B11F18-1B20-4060-ADC5-428A778556CD}.Release|ARM64.Build.0 = Release|ARM64
		{29B11F18-1B20-4060-ADC5-428A778556CD}.Release|ARM64.Deploy.0 = Release|ARM64
		{F4E56C25-47EF-4815-A5C4-AF59C080FA42}.Debug|Win32.ActiveCfg = Debug|Win32
		{F4E56C25-47EF-4815-A5C4-AF59C080FA42}.Debug|Win32.Build.0 = Debug|Win32
		{F4E56C25-47EF-4815-A5C4-AF59C080FA42}.Debug|Win32.Deploy.0 = Debug|Win32
		{F4E56C25-47EF-4815-A5C4-AF59C080FA42}.Debug|x64.ActiveCfg = Debug|x64
		{F4E56C25-47EF-4815-A5C4-AF59C080FA42}.Debug|x64.Build.0 = Debug|x64
		{F4E56C25-47EF-4815-A5C4-AF59C080FA42}.Debug|x64.Deploy.0 = Debug|x64
		{F4E56C25-47EF-4815-A5C4-AF59C080FA42}.Debug|ARM64.ActiveCfg = Debug|ARM64
		{F4E56C25-47EF-4815-A5C4-AF59C080FA42}.Debug|ARM64.Build.0 = Debug|ARM64
		{F4E56C25-47EF-4815-A5C4-AF59C080FA42}.Debug|ARM64.Deploy.0 = Debug|ARM64
		{F4E56C25-47EF-4815-A5C4-AF59C080FA42}.Release|Win32.ActiveCfg = Release|Win32
		{F4E56C25-47EF-4815-A5C4-AF59C080FA42}.Release|Win32.Build.0 = Release|Win32
		{F4E56C25-47EF-4815-A5C4-AF59C080FA42}.Release|Win32.Deploy.0 = Release|Win32
		{F4E56C25-47EF-4815-A5C4-AF59C080FA42}.Release|x64.ActiveCfg = Release|x64
		{F4E56C25-47EF-4815-A5C4-AF59C080FA42}.Release|x64.Build.0 = Release|x64
		{F4E56C25-47EF-4815-A5C4-AF59C080FA42}.Release|x64.Deploy.0 = Release|x64
		{F4E56C25-47EF-4815-A5C4-AF59C080FA42}.Release|ARM64.ActiveCfg = Release|ARM64
		{F4E56C25-47EF-4815-A5C4-AF59C080FA42}.Release|ARM64.Build.0 = Release|ARM64
		{F4E56C25-47EF-4815-A5C4-AF59C080FA42}.Release|ARM64.Deploy.0 = Release|ARM64
		{469D1E3A-2885-42B9-8C1A-90E16B69E944}.Debug|Win32.ActiveCfg = Debug|Win32
		{469D1E3A-2885-42B9-8C1A-90E16B69E944}.Debug|Win32.Build.0 = Debug|Win32
		{469D1E3A-2885-42B9-8C1A-90E16B69E944}.Debug|Win32.Deploy.0 = Debug|Win32
		{469D1E3A-2885-42B9-8C1A-90E16B69E944}.Debug|x64.ActiveCfg = Debug|x64
		{469D1E3A-2885-42B9-8C1A-90E16B69E944}.Debug|x64.Build.0 = Debug|x64
		{469D1E3A-2885-42B9-8C1A-90E16B69E944}.Debug|x64.Deploy.0 = Debug|x64
		{469D1E3A-2885-42B9-8C1A-90E16B69E944}.Debug|ARM64.ActiveCfg = Debug|ARM64
		{469D1E3A-2885-42B9-8C1A-90E16B69E944}.Debug|ARM64.Build.0 = Debug|ARM64
		{469D1E3A-2885-42B9-8C1A-90E16B69E944}.Debug|ARM64.Deploy.0 = Debug|ARM64
		{469D1E3A-2885-42B9-8C1A-90E16B69E944}.Release|Win32.ActiveCfg = Release|Win32
		{469D1E3A-2885-42B9-8C1A-90E16B69E944}.Release|Win32.Build.0 = Release|Win32
		{469D1E3A-2885-42B9-8C1A-90E16B69E944}.Release|Win32.Deploy.0 = Release|Win32
		{469D1E3A-2885-42B9-8C1A-90E16B69E944}.Release|x64.ActiveCfg = Release|x64
		{469D1E3A-2885-42B9-8C1A-90E16B69E944}.Release|x64.Build.0 = Release|x64
		{469D1E3A-2885-42B9-8C1A-90E16B69E944}.Release|x64.Deploy.0 = Release|x64
		{469D1E3A-2885-42B9-8C1A-90E16B69E944}.Release|ARM64.ActiveCfg = Release|ARM64
		{469D1E3A-2885-42B9-8C1A-90E16B69E944}.Release|ARM64.Build.0 = Release|ARM64
		{469D1E3A-2885-42B9-8C1A-90E16B69E944}.Release|ARM64.Deploy.0 = Release|ARM64
		{727EFF92-A004-4D6D-B257-5BE48A73FB76}.Debug|Win32.ActiveCfg = Debug|Win32
		{727EFF92-A004-4D6D-B257-5BE48A73FB76}.Debug|Win32.Build.0 = Debug|Win32
		{727EFF92-A004-4D6D-B257-5BE48A73FB76}.Debug|Win32.Deploy.0 = Debug|Win32
		{727EFF92-A004-4D6D-B257-5BE48A73FB76}.Debug|x64.ActiveCfg = Debug|x64
		{727EFF92-A004-4D6D-B257-5BE48A73FB76}.Debug|x64.Build.0 = Debug|x64
		{727EFF92-A004-4D6D-B257-5BE48A73FB76}.Debug|x64.Deploy.0 = Debug|x64
		{727EFF92-A004-4D6D-B257-5BE48A73FB76}.Debug|ARM64.ActiveCfg = Debug|ARM64
		{727EFF92-A004-4D6D-B257-5BE48A73FB76}.Debug|ARM64.Build.0 = Debug|ARM64
		{727EFF92-A004-4D6D-B257-5BE48A73FB76}.Debug|ARM64.Deploy.0 = Debug|ARM64
		{727EFF92-A004-4D6D-B257-5BE48A73FB76}.Release|Win32.ActiveCfg = Release|Win32
		{727EFF92-A004-4D6D-B257-5BE48A73FB76}.Release|Win32.Build.0 = Release|Win32
		{727EFF92-A004-4D6D-B257-5BE48A73FB76}.Release|Win32.Deploy.0 = Release|Win32
		{727EFF92-A004-4D6D-B257-5BE48A73FB76}.Release|x64.ActiveCfg = Release|x64
		{727EFF92-A004-4D6D-B257-5BE48A73FB76}.Release|x64.Build.0 = Release|x64
		{727EFF92-A004-4D6D-B257-5BE48A73FB76}.Release|x64.Deploy.0 = Release|x64
		{727EFF92-A004-4D6D-B257-5BE48A73FB76}.Release|ARM64.ActiveCfg = Release|ARM64
		{727EFF92-A004-4D6D-B257-5BE48A73FB76}.Release|ARM64.Build.0 = Release|ARM64
		{727EFF92-A004-4D6D-B257-5BE48A73FB76}.Release|ARM64.Deploy.0 = Release|ARM64
		{EBB81BD6-8872-4A36-9ECA-BAB2EE3CEA63}.Debug|Win32.ActiveCfg = Debug|Win32
		{EBB81BD6-8872-4A36-9ECA-BAB2EE3CEA63}.Debug|Win32.Build.0 = Debug|Win32
		{EBB81BD6-8872-4A36-9ECA-BAB2EE3CEA63}.Debug|Win32.Deploy.0 = Debug|Win32
		{EBB81BD6-8872-4A36-9ECA-BAB2EE3CEA63}.Debug|x64.ActiveCfg = Debug|x64
		{EBB81BD6-8872-4A36-9ECA-BAB2EE3CEA63}.Debug|x64.Build.0 = Debug|x64
		{EBB81BD6-8872-4A36-9ECA-BAB2EE3CEA63}.Debug|x64.Deploy.0 = Debug|x64
		{EBB81BD6-8872-4A36-9ECA-BAB2EE3CEA63}.Debug|ARM64.ActiveCfg = Debug|ARM64
		{EBB81BD6-8872-4A36-9ECA-BAB2EE3CEA63}.Debug|ARM64.Build.0 = Debug|ARM64
		{EBB81BD6-8872-4A36-9ECA-BAB2EE3CEA63}.Debug|ARM64.Deploy.0 = Debug|ARM64
		{EBB81BD6-8872-4A36-9ECA-BAB2EE3CEA63}.Release|Win32.ActiveCfg = Release|Win32
		{EBB81BD6-8872-4A36-9ECA-BAB2EE3CEA63}.Release|Win32.Build.0 = Release|Win32
		{EBB81BD6-8872-4A36-9ECA-BAB2EE3CEA63}.Release|Win32.Deploy.0 = Release|Win32
		{EBB81BD6-8872-4A36-9ECA-BAB2EE3CEA63}.Release|x64.ActiveCfg = Release|x64
		{EBB81BD6-8872-4A36-9ECA-BAB2EE3CEA63}.Release|x64.Build.0 = Release|x64
		{EBB81BD6-8872-4A36-9ECA-BAB2EE3CEA63}.Release|x64.Deploy.0 = Release|x64
		{EBB81BD6-8872-4A36-9ECA-BAB2EE3CEA63}.Release|ARM64.ActiveCfg = Release|ARM64
		{EBB81BD6-8872-4A36-9ECA-BAB2EE3CEA63}.Release|ARM64.Build.0 = Release|ARM64
		{EBB81BD6-8872-4A36-9ECA-BAB2EE3CEA63}.Release|ARM64.Deploy.0 = Release|ARM64
		{1EC4AD5A-EF4C-4F85-A3F2-09EF5BF794FD}.Debug|Win32.ActiveCfg = Debug|Win32
		{1EC4AD5A-EF4C-4F85-A3F2-09EF5BF794FD}.Debug|Win32.Build.0 = Debug|Win32
		{1EC4AD5A-EF4C-4F85-A3F2-09EF5BF794FD}.Debug|Win32.Deploy.0 = Debug|Win32
		{1EC4AD5A-EF4C-4F85-A3F2-09EF5BF794FD}.Debug|x64.ActiveCfg = Debug|x64
		{1EC4AD5A-EF4C-4F85-A3F2-09EF5BF794FD}.Debug|x64.Build.0 = Debug|x64
		{1EC4AD5A-EF4C-4F85-A3F2-09EF5BF794FD}.Debug|x64.Deploy.0 = Debug|x64
		{1EC4AD5A-EF4C-4F85-A3F2-09EF5BF794FD}.Debug|ARM64.ActiveCfg = Debug|ARM64
		{1EC4AD5A-EF4C-4F85-A3F2-09EF5BF794FD}.Debug|ARM64.Build.0 = Debug|ARM64
		{1EC4AD5A-EF4C-4F85-A3F2-09EF5BF794FD}.Debug|ARM64.Deploy.0 = Debug|ARM64
		{1EC4AD5A-EF4C-4F85-A3F2-09EF5BF794FD}.Release|Win32.ActiveCfg = Release|Win32
		{1EC4AD5A-EF4C-4F85-A3F2-09EF5BF794FD}.Release|Win32.Build.0 = Release|Win32
		{1EC4AD5A-EF4C-4F85-A3F2-09EF5BF794FD}.Release|Win32.Deploy.0 = Release|Win32
		{1EC4AD5A-EF4C-4F85-A3F2-09EF5BF794FD}.Release|x64.ActiveCfg = Release|x64
		{1EC4AD5A-EF4C-4F85-A3F2-09EF5BF794FD}.Release|x64.Build.0 = Release|x64
		{1EC4AD5A-EF4C-4F85-A3F2-09EF5BF794FD}.Release|x64.Deploy.0 = Release|x64
		{1EC4AD5A-EF4C-4F85-A3F2-09EF5BF794FD}.Release|ARM64.ActiveCfg = Release|ARM64
		{1EC4AD5A-EF4C-4F85-A3F2-09EF5BF794FD}.Release|ARM64.Build.0 = Release|ARM64
		{1EC4AD5A-EF4C-4F85-A3F2-09EF5BF794FD}.Release|ARM64.Deploy.0 = Release|ARM64
		{264EE6C7-1A11-4F4A-92E5-376D85BE9168}.Debug|Win32.ActiveCfg = Debug|Win32
		{264EE6C7-1A11-4F4A-92E5-376D85BE9168}.Debug|Win32.Build.0 = Debug|Win32
		{264EE6C7-1A11-4F4A-92E5-376D85BE9168}.Debug|Win32.Deploy.0 = Debug|Win32
		{264EE6C7-1A11-4F4A-92E5-376D85BE9168}.Debug|x64.ActiveCfg = Debug|x64
		{264EE6C7-1A11-4F4A-92E5-376D85BE9168}.Debug|x64.Build.0 = Debug|x64
		{264EE6C7-1A11-4F4A-92E5-376D85BE9168}.Debug|x64.Deploy.0 = Debug|x64
		{264EE6C7-1A11-4F4A-92E5-376D85BE9168}.Debug|ARM64.ActiveCfg = Debug|ARM64
		{264EE6C7-1A11-4F4A-92E5-376D85BE9168}.Debug|ARM64.Build.0 = Debug|ARM64
		{264EE6C7-1A11-4F4A-92E5-376D85BE9168}.Debug|ARM64.Deploy.0 = Debug|ARM64
		{264EE6C7-1A11-4F4A-92E5-376D85BE9168}.Release|Win32.ActiveCfg = Release|Win32
		{264EE6C7-1A11-4F4A-92E5-376D85BE9168}.Release|Win32.Build.0 = Release|Win32
		{264EE6C7-1A11-4F4A-92E5-376D85BE9168}.Release|Win32.Deploy.0 = Release|Win32
		{264EE6C7-1A11-4F4A-92E5-376D85BE9168}.Release|x64.ActiveCfg = Release|x64
		{264EE6C7-1A11-4F4A-92E5-376D85BE9168}.Release|x64.Build.0 = Release|x64
		{264EE6C7-1A11-4F4A-92E5-376D85BE9168}.Release|x64.Deploy.0 = Release|x64
		{264EE6C7-1A11-4F4A-92E5-376D85BE9168}.Release|ARM64.ActiveCfg = Release|ARM64
		{264EE6C7-1A11-4F4A-92E5-376D85BE9168}.Release|ARM64.Build.0 = Release|ARM64
		{264EE6C7-1A11-4F4A-92E5-376D85BE9168}.Release|ARM64.Deploy.0 = Release|ARM64
	EndGlobalSection
	GlobalSection(SolutionProperties) = preSolution
		HideSolutionNode = FALSE
	EndGlobalSection
EndGlobal
